{
  "version": 4,
  "terraform_version": "1.13.4",
  "serial": 334,
  "lineage": "ad4b4f55-c9da-e483-3b6f-adc63ad27431",
  "outputs": {
    "alb_dns_name": {
      "value": "hello-world-app-alb-487699906.us-west-2.elb.amazonaws.com",
      "type": "string"
    },
    "codebuild_project_name": {
      "value": "hello-world-app-build",
      "type": "string"
    },
    "codepipeline_name": {
      "value": "hello-world-app-pipeline",
      "type": "string"
    },
    "ecr_repository_url": {
      "value": "136279434049.dkr.ecr.us-west-2.amazonaws.com/hello-world-app",
      "type": "string"
    },
    "ecs_cluster_name": {
      "value": "hello-world-app",
      "type": "string"
    },
    "verified_private_subnets": {
      "value": [
        "subnet-06e7f91ac149c8fc9",
        "subnet-09a5205170294f953"
      ],
      "type": [
        "tuple",
        [
          "string",
          "string"
        ]
      ]
    },
    "verified_public_subnets": {
      "value": [
        "subnet-020772b505a06f11e",
        "subnet-0ad2a482ea544e2eb"
      ],
      "type": [
        "tuple",
        [
          "string",
          "string"
        ]
      ]
    },
    "verified_vpc_id": {
      "value": "vpc-0f3391e84c4f0ce79",
      "type": "string"
    }
  },
  "resources": [
    {
      "mode": "data",
      "type": "aws_availability_zones",
      "name": "available",
      "provider": "provider[\"registry.terraform.io/hashicorp/aws\"]",
      "instances": [
        {
          "schema_version": 0,
          "attributes": {
            "all_availability_zones": null,
            "exclude_names": null,
            "exclude_zone_ids": null,
            "filter": null,
            "group_names": [
              "us-west-2-zg-1"
            ],
            "id": "us-west-2",
            "names": [
              "us-west-2a",
              "us-west-2b",
              "us-west-2c",
              "us-west-2d"
            ],
            "region": "us-west-2",
            "state": "available",
            "timeouts": null,
            "zone_ids": [
              "usw2-az1",
              "usw2-az2",
              "usw2-az3",
              "usw2-az4"
            ]
          },
          "sensitive_attributes": [],
          "identity_schema_version": 0
        }
      ]
    },
    {
      "mode": "data",
      "type": "aws_caller_identity",
      "name": "current",
      "provider": "provider[\"registry.terraform.io/hashicorp/aws\"]",
      "instances": [
        {
          "schema_version": 0,
          "attributes": {
            "account_id": "136279434049",
            "arn": "arn:aws:iam::136279434049:user/sowjanya",
            "id": "136279434049",
            "user_id": "AIDAR7OXDENATVPZKIUYM"
          },
          "sensitive_attributes": [],
          "identity_schema_version": 0
        }
      ]
    },
    {
      "mode": "data",
      "type": "aws_iam_policy_document",
      "name": "ecs_task_execution_role",
      "provider": "provider[\"registry.terraform.io/hashicorp/aws\"]",
      "instances": [
        {
          "schema_version": 0,
          "attributes": {
            "id": "1077804475",
            "json": "{\n  \"Version\": \"2012-10-17\",\n  \"Statement\": [\n    {\n      \"Effect\": \"Allow\",\n      \"Action\": \"sts:AssumeRole\",\n      \"Principal\": {\n        \"Service\": \"ecs-tasks.amazonaws.com\"\n      }\n    }\n  ]\n}",
            "minified_json": "{\"Version\":\"2012-10-17\",\"Statement\":[{\"Effect\":\"Allow\",\"Action\":\"sts:AssumeRole\",\"Principal\":{\"Service\":\"ecs-tasks.amazonaws.com\"}}]}",
            "override_json": null,
            "override_policy_documents": null,
            "policy_id": null,
            "source_json": null,
            "source_policy_documents": null,
            "statement": [
              {
                "actions": [
                  "sts:AssumeRole"
                ],
                "condition": [],
                "effect": "Allow",
                "not_actions": [],
                "not_principals": [],
                "not_resources": [],
                "principals": [
                  {
                    "identifiers": [
                      "ecs-tasks.amazonaws.com"
                    ],
                    "type": "Service"
                  }
                ],
                "resources": [],
                "sid": ""
              }
            ],
            "version": "2012-10-17"
          },
          "sensitive_attributes": [],
          "identity_schema_version": 0
        }
      ]
    },
    {
      "mode": "data",
      "type": "aws_subnet",
      "name": "private",
      "provider": "provider[\"registry.terraform.io/hashicorp/aws\"]",
      "instances": [
        {
          "index_key": "subnet-06e7f91ac149c8fc9",
          "schema_version": 0,
          "attributes": {
            "arn": "arn:aws:ec2:us-west-2:136279434049:subnet/subnet-06e7f91ac149c8fc9",
            "assign_ipv6_address_on_creation": false,
            "availability_zone": "us-west-2b",
            "availability_zone_id": "usw2-az2",
            "available_ip_address_count": 245,
            "cidr_block": "172.16.3.0/24",
            "customer_owned_ipv4_pool": "",
            "default_for_az": false,
            "enable_dns64": false,
            "enable_lni_at_device_index": 0,
            "enable_resource_name_dns_a_record_on_launch": false,
            "enable_resource_name_dns_aaaa_record_on_launch": false,
            "filter": null,
            "id": "subnet-06e7f91ac149c8fc9",
            "ipv6_cidr_block": "",
            "ipv6_cidr_block_association_id": "",
            "ipv6_native": false,
            "map_customer_owned_ip_on_launch": false,
            "map_public_ip_on_launch": false,
            "outpost_arn": "",
            "owner_id": "136279434049",
            "private_dns_hostname_type_on_launch": "ip-name",
            "region": "us-west-2",
            "state": "available",
            "tags": {
              "Environment": "Development",
              "Name": "recupe-dev-private-subnet-2",
              "Owner": "ravi@plethy.com",
              "Project": "Recupe"
            },
            "timeouts": null,
            "vpc_id": "vpc-0f3391e84c4f0ce79"
          },
          "sensitive_attributes": [],
          "identity_schema_version": 0
        },
        {
          "index_key": "subnet-09a5205170294f953",
          "schema_version": 0,
          "attributes": {
            "arn": "arn:aws:ec2:us-west-2:136279434049:subnet/subnet-09a5205170294f953",
            "assign_ipv6_address_on_creation": false,
            "availability_zone": "us-west-2a",
            "availability_zone_id": "usw2-az1",
            "available_ip_address_count": 244,
            "cidr_block": "172.16.1.0/24",
            "customer_owned_ipv4_pool": "",
            "default_for_az": false,
            "enable_dns64": false,
            "enable_lni_at_device_index": 0,
            "enable_resource_name_dns_a_record_on_launch": false,
            "enable_resource_name_dns_aaaa_record_on_launch": false,
            "filter": null,
            "id": "subnet-09a5205170294f953",
            "ipv6_cidr_block": "",
            "ipv6_cidr_block_association_id": "",
            "ipv6_native": false,
            "map_customer_owned_ip_on_launch": false,
            "map_public_ip_on_launch": false,
            "outpost_arn": "",
            "owner_id": "136279434049",
            "private_dns_hostname_type_on_launch": "ip-name",
            "region": "us-west-2",
            "state": "available",
            "tags": {
              "Environment": "Development",
              "Name": "recupe-dev-prviate-subnet-1",
              "Owner": "ravi@plethy.com",
              "Project": "Recupe"
            },
            "timeouts": null,
            "vpc_id": "vpc-0f3391e84c4f0ce79"
          },
          "sensitive_attributes": [],
          "identity_schema_version": 0
        }
      ]
    },
    {
      "mode": "data",
      "type": "aws_subnet",
      "name": "public",
      "provider": "provider[\"registry.terraform.io/hashicorp/aws\"]",
      "instances": [
        {
          "index_key": "subnet-020772b505a06f11e",
          "schema_version": 0,
          "attributes": {
            "arn": "arn:aws:ec2:us-west-2:136279434049:subnet/subnet-020772b505a06f11e",
            "assign_ipv6_address_on_creation": false,
            "availability_zone": "us-west-2a",
            "availability_zone_id": "usw2-az1",
            "available_ip_address_count": 246,
            "cidr_block": "172.16.2.0/24",
            "customer_owned_ipv4_pool": "",
            "default_for_az": false,
            "enable_dns64": false,
            "enable_lni_at_device_index": 0,
            "enable_resource_name_dns_a_record_on_launch": false,
            "enable_resource_name_dns_aaaa_record_on_launch": false,
            "filter": null,
            "id": "subnet-020772b505a06f11e",
            "ipv6_cidr_block": "",
            "ipv6_cidr_block_association_id": "",
            "ipv6_native": false,
            "map_customer_owned_ip_on_launch": false,
            "map_public_ip_on_launch": false,
            "outpost_arn": "",
            "owner_id": "136279434049",
            "private_dns_hostname_type_on_launch": "ip-name",
            "region": "us-west-2",
            "state": "available",
            "tags": {
              "Environment": "Development",
              "Name": "recupe-dev-public-subnet-1",
              "Owner": "ravi@plethy.com",
              "Project": "Recupe"
            },
            "timeouts": null,
            "vpc_id": "vpc-0f3391e84c4f0ce79"
          },
          "sensitive_attributes": [],
          "identity_schema_version": 0
        },
        {
          "index_key": "subnet-0ad2a482ea544e2eb",
          "schema_version": 0,
          "attributes": {
            "arn": "arn:aws:ec2:us-west-2:136279434049:subnet/subnet-0ad2a482ea544e2eb",
            "assign_ipv6_address_on_creation": false,
            "availability_zone": "us-west-2b",
            "availability_zone_id": "usw2-az2",
            "available_ip_address_count": 246,
            "cidr_block": "172.16.4.0/24",
            "customer_owned_ipv4_pool": "",
            "default_for_az": false,
            "enable_dns64": false,
            "enable_lni_at_device_index": 0,
            "enable_resource_name_dns_a_record_on_launch": false,
            "enable_resource_name_dns_aaaa_record_on_launch": false,
            "filter": null,
            "id": "subnet-0ad2a482ea544e2eb",
            "ipv6_cidr_block": "",
            "ipv6_cidr_block_association_id": "",
            "ipv6_native": false,
            "map_customer_owned_ip_on_launch": false,
            "map_public_ip_on_launch": false,
            "outpost_arn": "",
            "owner_id": "136279434049",
            "private_dns_hostname_type_on_launch": "ip-name",
            "region": "us-west-2",
            "state": "available",
            "tags": {
              "Environment": "Development",
              "Name": "recupe-dev-public-subnet-2",
              "Owner": "ravi@plethy.com",
              "Project": "Recupe"
            },
            "timeouts": null,
            "vpc_id": "vpc-0f3391e84c4f0ce79"
          },
          "sensitive_attributes": [],
          "identity_schema_version": 0
        }
      ]
    },
    {
      "mode": "data",
      "type": "aws_vpc",
      "name": "main",
      "provider": "provider[\"registry.terraform.io/hashicorp/aws\"]",
      "instances": [
        {
          "schema_version": 0,
          "attributes": {
            "arn": "arn:aws:ec2:us-west-2:136279434049:vpc/vpc-0f3391e84c4f0ce79",
            "cidr_block": "172.16.0.0/16",
            "cidr_block_associations": [
              {
                "association_id": "vpc-cidr-assoc-0b5383149f9315155",
                "cidr_block": "172.16.0.0/16",
                "state": "associated"
              }
            ],
            "default": false,
            "dhcp_options_id": "dopt-5f52d827",
            "enable_dns_hostnames": true,
            "enable_dns_support": true,
            "enable_network_address_usage_metrics": false,
            "filter": null,
            "id": "vpc-0f3391e84c4f0ce79",
            "instance_tenancy": "default",
            "ipv6_association_id": "",
            "ipv6_cidr_block": "",
            "main_route_table_id": "rtb-0634193ea8e3c928c",
            "owner_id": "136279434049",
            "region": "us-west-2",
            "state": null,
            "tags": {
              "Environment": "Development",
              "Name": "recupe-dev",
              "Owner": "ravi@plethy.com",
              "Project": "Recupe"
            },
            "timeouts": null
          },
          "sensitive_attributes": [],
          "identity_schema_version": 0
        }
      ]
    },
    {
      "mode": "managed",
      "type": "aws_cloudwatch_log_group",
      "name": "codebuild",
      "provider": "provider[\"registry.terraform.io/hashicorp/aws\"]",
      "instances": [
        {
          "schema_version": 0,
          "attributes": {
            "arn": "arn:aws:logs:us-west-2:136279434049:log-group:/aws/codebuild/hello-world-app-build",
            "id": "/aws/codebuild/hello-world-app-build",
            "kms_key_id": "",
            "log_group_class": "STANDARD",
            "name": "/aws/codebuild/hello-world-app-build",
            "name_prefix": "",
            "region": "us-west-2",
            "retention_in_days": 7,
            "skip_destroy": false,
            "tags": null,
            "tags_all": {}
          },
          "sensitive_attributes": [],
          "identity_schema_version": 0,
          "identity": {
            "account_id": "136279434049",
            "name": "/aws/codebuild/hello-world-app-build",
            "region": "us-west-2"
          },
          "private": "bnVsbA=="
        }
      ]
    },
    {
      "mode": "managed",
      "type": "aws_cloudwatch_log_group",
      "name": "ecs",
      "provider": "provider[\"registry.terraform.io/hashicorp/aws\"]",
      "instances": [
        {
          "schema_version": 0,
          "attributes": {
            "arn": "arn:aws:logs:us-west-2:136279434049:log-group:/ecs/hello-world-app",
            "id": "/ecs/hello-world-app",
            "kms_key_id": "",
            "log_group_class": "STANDARD",
            "name": "/ecs/hello-world-app",
            "name_prefix": "",
            "region": "us-west-2",
            "retention_in_days": 7,
            "skip_destroy": false,
            "tags": {
              "Name": "hello-world-app-logs"
            },
            "tags_all": {
              "Name": "hello-world-app-logs"
            }
          },
          "sensitive_attributes": [],
          "identity_schema_version": 0,
          "identity": {
            "account_id": "136279434049",
            "name": "/ecs/hello-world-app",
            "region": "us-west-2"
          },
          "private": "bnVsbA=="
        }
      ]
    },
    {
      "mode": "managed",
      "type": "aws_codebuild_project",
      "name": "main",
      "provider": "provider[\"registry.terraform.io/hashicorp/aws\"]",
      "instances": [
        {
          "schema_version": 0,
          "attributes": {
            "arn": "arn:aws:codebuild:us-west-2:136279434049:project/hello-world-app-build",
            "artifacts": [
              {
                "artifact_identifier": "",
                "bucket_owner_access": "",
                "encryption_disabled": false,
                "location": "",
                "name": "hello-world-app-build",
                "namespace_type": "",
                "override_artifact_name": false,
                "packaging": "NONE",
                "path": "",
                "type": "CODEPIPELINE"
              }
            ],
            "auto_retry_limit": 0,
            "badge_enabled": false,
            "badge_url": "",
            "build_batch_config": [],
            "build_timeout": 20,
            "cache": [
              {
                "location": "",
                "modes": [],
                "type": "NO_CACHE"
              }
            ],
            "concurrent_build_limit": 0,
            "description": "Build project for hello-world-app",
            "encryption_key": "arn:aws:kms:us-west-2:136279434049:alias/aws/s3",
            "environment": [
              {
                "certificate": "",
                "compute_type": "BUILD_GENERAL1_SMALL",
                "docker_server": [],
                "environment_variable": [
                  {
                    "name": "AWS_DEFAULT_REGION",
                    "type": "PLAINTEXT",
                    "value": "us-west-2"
                  },
                  {
                    "name": "AWS_ACCOUNT_ID",
                    "type": "PLAINTEXT",
                    "value": "136279434049"
                  },
                  {
                    "name": "IMAGE_REPO_NAME",
                    "type": "PLAINTEXT",
                    "value": "hello-world-app"
                  },
                  {
                    "name": "IMAGE_TAG",
                    "type": "PLAINTEXT",
                    "value": "latest"
                  },
                  {
                    "name": "APP_NAME",
                    "type": "PLAINTEXT",
                    "value": "hello-world-app"
                  }
                ],
                "fleet": [],
                "image": "aws/codebuild/amazonlinux2-x86_64-standard:3.0",
                "image_pull_credentials_type": "CODEBUILD",
                "privileged_mode": true,
                "registry_credential": [],
                "type": "LINUX_CONTAINER"
              }
            ],
            "file_system_locations": [],
            "id": "arn:aws:codebuild:us-west-2:136279434049:project/hello-world-app-build",
            "logs_config": [
              {
                "cloudwatch_logs": [
                  {
                    "group_name": "/aws/codebuild/hello-world-app-build",
                    "status": "ENABLED",
                    "stream_name": ""
                  }
                ],
                "s3_logs": [
                  {
                    "bucket_owner_access": "",
                    "encryption_disabled": false,
                    "location": "",
                    "status": "DISABLED"
                  }
                ]
              }
            ],
            "name": "hello-world-app-build",
            "project_visibility": "PRIVATE",
            "public_project_alias": "",
            "queued_timeout": 480,
            "region": "us-west-2",
            "resource_access_role": "",
            "secondary_artifacts": [],
            "secondary_source_version": [],
            "secondary_sources": [],
            "service_role": "arn:aws:iam::136279434049:role/hello-world-app-codebuild-role",
            "source": [
              {
                "auth": [],
                "build_status_config": [],
                "buildspec": "buildspec.yml",
                "git_clone_depth": 0,
                "git_submodules_config": [],
                "insecure_ssl": false,
                "location": "",
                "report_build_status": false,
                "type": "CODEPIPELINE"
              }
            ],
            "source_version": "",
            "tags": {
              "Name": "hello-world-app-codebuild_sg"
            },
            "tags_all": {
              "Name": "hello-world-app-codebuild_sg"
            },
            "vpc_config": [
              {
                "security_group_ids": [
                  "sg-02e7a8a802b01c069"
                ],
                "subnets": [
                  "subnet-06e7f91ac149c8fc9",
                  "subnet-09a5205170294f953"
                ],
                "vpc_id": "vpc-0f3391e84c4f0ce79"
              }
            ]
          },
          "sensitive_attributes": [],
          "identity_schema_version": 0,
          "identity": {
            "arn": "arn:aws:codebuild:us-west-2:136279434049:project/hello-world-app-build"
          },
          "private": "bnVsbA==",
          "dependencies": [
            "aws_cloudwatch_log_group.codebuild",
            "aws_ecr_repository.main",
            "aws_iam_role.codebuild_role",
            "aws_security_group.codebuild_sg",
            "data.aws_caller_identity.current"
          ]
        }
      ]
    },
    {
      "mode": "managed",
      "type": "aws_codepipeline",
      "name": "main",
      "provider": "provider[\"registry.terraform.io/hashicorp/aws\"]",
      "instances": [
        {
          "schema_version": 0,
          "attributes": {
            "arn": "arn:aws:codepipeline:us-west-2:136279434049:hello-world-app-pipeline",
            "artifact_store": [
              {
                "encryption_key": [],
                "location": "hello-world-app-codepipeline-artifacts-136279434049",
                "region": "",
                "type": "S3"
              }
            ],
            "execution_mode": "SUPERSEDED",
            "id": "hello-world-app-pipeline",
            "name": "hello-world-app-pipeline",
            "pipeline_type": "V1",
            "region": "us-west-2",
            "role_arn": "arn:aws:iam::136279434049:role/hello-world-app-codepipeline-role",
            "stage": [
              {
                "action": [
                  {
                    "category": "Source",
                    "configuration": {
                      "BranchName": "main",
                      "ConnectionArn": "arn:aws:codestar-connections:us-west-2:136279434049:connection/bce23acd-20cf-4659-a6a1-60fe63d3dea3",
                      "FullRepositoryId": "sowjanyanous/sampleproject"
                    },
                    "input_artifacts": null,
                    "name": "GitHub_Source",
                    "namespace": "",
                    "output_artifacts": [
                      "source_output"
                    ],
                    "owner": "AWS",
                    "provider": "CodeStarSourceConnection",
                    "region": "",
                    "role_arn": "",
                    "run_order": 1,
                    "timeout_in_minutes": 0,
                    "version": "1"
                  }
                ],
                "before_entry": [],
                "name": "Source",
                "on_failure": [],
                "on_success": []
              },
              {
                "action": [
                  {
                    "category": "Build",
                    "configuration": {
                      "ProjectName": "hello-world-app-build"
                    },
                    "input_artifacts": [
                      "source_output"
                    ],
                    "name": "CodeBuild",
                    "namespace": "",
                    "output_artifacts": [
                      "build_output"
                    ],
                    "owner": "AWS",
                    "provider": "CodeBuild",
                    "region": "",
                    "role_arn": "",
                    "run_order": 1,
                    "timeout_in_minutes": 0,
                    "version": "1"
                  }
                ],
                "before_entry": [],
                "name": "Build",
                "on_failure": [],
                "on_success": []
              },
              {
                "action": [
                  {
                    "category": "Deploy",
                    "configuration": {
                      "ClusterName": "hello-world-app",
                      "FileName": "imagedefinitions.json",
                      "ServiceName": "hello-world-app-service"
                    },
                    "input_artifacts": [
                      "build_output"
                    ],
                    "name": "ECS_Deploy",
                    "namespace": "",
                    "output_artifacts": null,
                    "owner": "AWS",
                    "provider": "ECS",
                    "region": "",
                    "role_arn": "",
                    "run_order": 1,
                    "timeout_in_minutes": 0,
                    "version": "1"
                  }
                ],
                "before_entry": [],
                "name": "Deploy",
                "on_failure": [],
                "on_success": []
              }
            ],
            "tags": {
              "Environment": "dev",
              "Name": "hello-world-app-pipeline"
            },
            "tags_all": {
              "Environment": "dev",
              "Name": "hello-world-app-pipeline"
            },
            "trigger": [],
            "trigger_all": [],
            "variable": []
          },
          "sensitive_attributes": [],
          "identity_schema_version": 0,
          "private": "bnVsbA==",
          "dependencies": [
            "aws_cloudwatch_log_group.codebuild",
            "aws_cloudwatch_log_group.ecs_exec",
            "aws_codebuild_project.main",
            "aws_ecr_repository.main",
            "aws_ecs_cluster.main",
            "aws_ecs_service.main",
            "aws_ecs_task_definition.main",
            "aws_iam_role.codebuild_role",
            "aws_iam_role.codepipeline_role",
            "aws_iam_role.ecs_task_execution_role",
            "aws_lb.main",
            "aws_lb_listener.http_forward",
            "aws_lb_target_group.main",
            "aws_s3_bucket.codepipeline_artifacts",
            "aws_security_group.alb",
            "aws_security_group.codebuild_sg",
            "aws_security_group.ecs",
            "aws_service_discovery_http_namespace.main",
            "data.aws_caller_identity.current",
            "data.aws_iam_policy_document.ecs_task_execution_role"
          ]
        }
      ]
    },
    {
      "mode": "managed",
      "type": "aws_ecr_lifecycle_policy",
      "name": "main",
      "provider": "provider[\"registry.terraform.io/hashicorp/aws\"]",
      "instances": [
        {
          "schema_version": 0,
          "attributes": {
            "id": "hello-world-app",
            "policy": "{\"rules\":[{\"action\":{\"type\":\"expire\"},\"description\":\"Keep last 30 images\",\"rulePriority\":1,\"selection\":{\"countNumber\":30,\"countType\":\"imageCountMoreThan\",\"tagStatus\":\"any\"}}]}",
            "region": "us-west-2",
            "registry_id": "136279434049",
            "repository": "hello-world-app"
          },
          "sensitive_attributes": [],
          "identity_schema_version": 0,
          "identity": {
            "account_id": "136279434049",
            "region": "us-west-2",
            "repository": "hello-world-app"
          },
          "private": "bnVsbA==",
          "dependencies": [
            "aws_ecr_repository.main"
          ]
        }
      ]
    },
    {
      "mode": "managed",
      "type": "aws_ecr_repository",
      "name": "main",
      "provider": "provider[\"registry.terraform.io/hashicorp/aws\"]",
      "instances": [
        {
          "schema_version": 0,
          "attributes": {
            "arn": "arn:aws:ecr:us-west-2:136279434049:repository/hello-world-app",
            "encryption_configuration": [
              {
                "encryption_type": "AES256",
                "kms_key": ""
              }
            ],
            "force_delete": null,
            "id": "hello-world-app",
            "image_scanning_configuration": [
              {
                "scan_on_push": true
              }
            ],
            "image_tag_mutability": "MUTABLE",
            "image_tag_mutability_exclusion_filter": [],
            "name": "hello-world-app",
            "region": "us-west-2",
            "registry_id": "136279434049",
            "repository_url": "136279434049.dkr.ecr.us-west-2.amazonaws.com/hello-world-app",
            "tags": {
              "Name": "hello-world-app"
            },
            "tags_all": {
              "Name": "hello-world-app"
            },
            "timeouts": null
          },
          "sensitive_attributes": [],
          "identity_schema_version": 0,
          "identity": {
            "account_id": "136279434049",
            "name": "hello-world-app",
            "region": "us-west-2"
          },
          "private": "eyJlMmJmYjczMC1lY2FhLTExZTYtOGY4OC0zNDM2M2JjN2M0YzAiOnsiZGVsZXRlIjoxMjAwMDAwMDAwMDAwfX0="
        }
      ]
    },
    {
      "mode": "managed",
      "type": "aws_ecs_cluster",
      "name": "main",
      "provider": "provider[\"registry.terraform.io/hashicorp/aws\"]",
      "instances": [
        {
          "schema_version": 0,
          "attributes": {
            "arn": "arn:aws:ecs:us-west-2:136279434049:cluster/hello-world-app",
            "configuration": [
              {
                "execute_command_configuration": [
                  {
                    "kms_key_id": "",
                    "log_configuration": [],
                    "logging": "NONE"
                  }
                ],
                "managed_storage_configuration": []
              }
            ],
            "id": "arn:aws:ecs:us-west-2:136279434049:cluster/hello-world-app",
            "name": "hello-world-app",
            "region": "us-west-2",
            "service_connect_defaults": [],
            "setting": [
              {
                "name": "containerInsights",
                "value": "disabled"
              }
            ],
            "tags": {
              "Name": "hello-world-app"
            },
            "tags_all": {
              "Name": "hello-world-app"
            }
          },
          "sensitive_attributes": [],
          "identity_schema_version": 0,
          "private": "bnVsbA==",
          "dependencies": [
            "aws_cloudwatch_log_group.ecs_exec",
            "aws_service_discovery_http_namespace.main"
          ]
        }
      ]
    },
    {
      "mode": "managed",
      "type": "aws_ecs_service",
      "name": "main",
      "provider": "provider[\"registry.terraform.io/hashicorp/aws\"]",
      "instances": [
        {
          "schema_version": 1,
          "attributes": {
            "alarms": [],
            "arn": "arn:aws:ecs:us-west-2:136279434049:service/hello-world-app/hello-world-app-service",
            "availability_zone_rebalancing": "ENABLED",
            "capacity_provider_strategy": [],
            "cluster": "arn:aws:ecs:us-west-2:136279434049:cluster/hello-world-app",
            "deployment_circuit_breaker": [
              {
                "enable": true,
                "rollback": true
              }
            ],
            "deployment_configuration": [
              {
                "bake_time_in_minutes": "0",
                "lifecycle_hook": [],
                "strategy": "ROLLING"
              }
            ],
            "deployment_controller": [
              {
                "type": "ECS"
              }
            ],
            "deployment_maximum_percent": 200,
            "deployment_minimum_healthy_percent": 100,
            "desired_count": 1,
            "enable_ecs_managed_tags": false,
            "enable_execute_command": false,
            "force_delete": null,
            "force_new_deployment": null,
            "health_check_grace_period_seconds": 60,
            "iam_role": "/aws-service-role/ecs.amazonaws.com/AWSServiceRoleForECS",
            "id": "arn:aws:ecs:us-west-2:136279434049:service/hello-world-app/hello-world-app-service",
            "launch_type": "FARGATE",
            "load_balancer": [
              {
                "advanced_configuration": [],
                "container_name": "hello-world-app",
                "container_port": 80,
                "elb_name": "",
                "target_group_arn": "arn:aws:elasticloadbalancing:us-west-2:136279434049:targetgroup/hello-world-app-tg/a97e4de21151b1c3"
              }
            ],
            "name": "hello-world-app-service",
            "network_configuration": [
              {
                "assign_public_ip": false,
                "security_groups": [
                  "sg-00296a55b0b623778"
                ],
                "subnets": [
                  "subnet-06e7f91ac149c8fc9",
                  "subnet-09a5205170294f953"
                ]
              }
            ],
            "ordered_placement_strategy": [],
            "placement_constraints": [],
            "platform_version": "LATEST",
            "propagate_tags": "NONE",
            "region": "us-west-2",
            "scheduling_strategy": "REPLICA",
            "service_connect_configuration": [],
            "service_registries": [],
            "sigint_rollback": null,
            "tags": {
              "Name": "hello-world-app-service"
            },
            "tags_all": {
              "Name": "hello-world-app-service"
            },
            "task_definition": "arn:aws:ecs:us-west-2:136279434049:task-definition/hello-world-app:17",
            "timeouts": null,
            "triggers": {},
            "volume_configuration": [],
            "vpc_lattice_configurations": [],
            "wait_for_steady_state": false
          },
          "sensitive_attributes": [],
          "identity_schema_version": 0,
          "private": "eyJlMmJmYjczMC1lY2FhLTExZTYtOGY4OC0zNDM2M2JjN2M0YzAiOnsiY3JlYXRlIjoxMjAwMDAwMDAwMDAwLCJkZWxldGUiOjEyMDAwMDAwMDAwMDAsInVwZGF0ZSI6MTIwMDAwMDAwMDAwMH0sInNjaGVtYV92ZXJzaW9uIjoiMSJ9",
          "dependencies": [
            "aws_cloudwatch_log_group.ecs_exec",
            "aws_ecr_repository.main",
            "aws_ecs_cluster.main",
            "aws_ecs_task_definition.main",
            "aws_iam_role.ecs_task_execution_role",
            "aws_lb.main",
            "aws_lb_listener.http_forward",
            "aws_lb_target_group.main",
            "aws_security_group.alb",
            "aws_security_group.ecs",
            "aws_service_discovery_http_namespace.main",
            "data.aws_iam_policy_document.ecs_task_execution_role"
          ]
        }
      ]
    },
    {
      "mode": "managed",
      "type": "aws_ecs_task_definition",
      "name": "main",
      "provider": "provider[\"registry.terraform.io/hashicorp/aws\"]",
      "instances": [
        {
          "schema_version": 1,
          "attributes": {
            "arn": "arn:aws:ecs:us-west-2:136279434049:task-definition/hello-world-app:17",
            "arn_without_revision": "arn:aws:ecs:us-west-2:136279434049:task-definition/hello-world-app",
            "container_definitions": "[{\"environment\":[{\"name\":\"ENVIRONMENT\",\"value\":\"dev\"}],\"essential\":true,\"image\":\"136279434049.dkr.ecr.us-west-2.amazonaws.com/hello-world-app:latest\",\"logConfiguration\":{\"logDriver\":\"awslogs\",\"options\":{\"awslogs-stream-prefix\":\"ecs\",\"awslogs-group\":\"/ecs/hello-world-app\",\"awslogs-region\":\"us-west-2\"}},\"mountPoints\":[],\"name\":\"hello-world-app\",\"portMappings\":[{\"containerPort\":80,\"hostPort\":80,\"protocol\":\"tcp\"}],\"systemControls\":[],\"volumesFrom\":[]}]",
            "cpu": "256",
            "enable_fault_injection": false,
            "ephemeral_storage": [],
            "execution_role_arn": "arn:aws:iam::136279434049:role/hello-world-app-ecs-task-execution-role",
            "family": "hello-world-app",
            "id": "hello-world-app",
            "ipc_mode": "",
            "memory": "512",
            "network_mode": "awsvpc",
            "pid_mode": "",
            "placement_constraints": [],
            "proxy_configuration": [],
            "region": "us-west-2",
            "requires_compatibilities": [
              "FARGATE"
            ],
            "revision": 17,
            "runtime_platform": [],
            "skip_destroy": false,
            "tags": {
              "Name": "hello-world-app"
            },
            "tags_all": {
              "Name": "hello-world-app"
            },
            "task_role_arn": "arn:aws:iam::136279434049:role/hello-world-app-ecs-task-execution-role",
            "track_latest": false,
            "volume": []
          },
          "sensitive_attributes": [],
          "identity_schema_version": 0,
          "private": "eyJzY2hlbWFfdmVyc2lvbiI6IjEifQ==",
          "dependencies": [
            "aws_ecr_repository.main",
            "aws_iam_role.ecs_task_execution_role",
            "data.aws_iam_policy_document.ecs_task_execution_role"
          ]
        }
      ]
    },
    {
      "mode": "managed",
      "type": "aws_iam_role",
      "name": "codebuild_role",
      "provider": "provider[\"registry.terraform.io/hashicorp/aws\"]",
      "instances": [
        {
          "schema_version": 0,
          "attributes": {
            "arn": "arn:aws:iam::136279434049:role/hello-world-app-codebuild-role",
            "assume_role_policy": "{\"Statement\":[{\"Action\":\"sts:AssumeRole\",\"Effect\":\"Allow\",\"Principal\":{\"Service\":\"codebuild.amazonaws.com\"}}],\"Version\":\"2012-10-17\"}",
            "create_date": "2025-11-05T15:24:15Z",
            "description": "",
            "force_detach_policies": false,
            "id": "hello-world-app-codebuild-role",
            "inline_policy": [],
            "managed_policy_arns": [],
            "max_session_duration": 3600,
            "name": "hello-world-app-codebuild-role",
            "name_prefix": "",
            "path": "/",
            "permissions_boundary": "",
            "tags": null,
            "tags_all": {},
            "unique_id": "AROAR7OXDENAZWY5O5JY4"
          },
          "sensitive_attributes": [],
          "identity_schema_version": 0,
          "identity": {
            "account_id": "136279434049",
            "name": "hello-world-app-codebuild-role"
          },
          "private": "bnVsbA=="
        }
      ]
    },
    {
      "mode": "managed",
      "type": "aws_iam_role",
      "name": "codepipeline_role",
      "provider": "provider[\"registry.terraform.io/hashicorp/aws\"]",
      "instances": [
        {
          "schema_version": 0,
          "attributes": {
            "arn": "arn:aws:iam::136279434049:role/hello-world-app-codepipeline-role",
            "assume_role_policy": "{\"Statement\":[{\"Action\":\"sts:AssumeRole\",\"Effect\":\"Allow\",\"Principal\":{\"Service\":\"codepipeline.amazonaws.com\"}}],\"Version\":\"2012-10-17\"}",
            "create_date": "2025-11-05T15:24:15Z",
            "description": "",
            "force_detach_policies": false,
            "id": "hello-world-app-codepipeline-role",
            "inline_policy": [],
            "managed_policy_arns": [],
            "max_session_duration": 3600,
            "name": "hello-world-app-codepipeline-role",
            "name_prefix": "",
            "path": "/",
            "permissions_boundary": "",
            "tags": null,
            "tags_all": {},
            "unique_id": "AROAR7OXDENARTGPHZCIS"
          },
          "sensitive_attributes": [],
          "identity_schema_version": 0,
          "identity": {
            "account_id": "136279434049",
            "name": "hello-world-app-codepipeline-role"
          },
          "private": "bnVsbA=="
        }
      ]
    },
    {
      "mode": "managed",
      "type": "aws_iam_role",
      "name": "ecs_task_execution_role",
      "provider": "provider[\"registry.terraform.io/hashicorp/aws\"]",
      "instances": [
        {
          "schema_version": 0,
          "attributes": {
            "arn": "arn:aws:iam::136279434049:role/hello-world-app-ecs-task-execution-role",
            "assume_role_policy": "{\"Statement\":[{\"Action\":\"sts:AssumeRole\",\"Effect\":\"Allow\",\"Principal\":{\"Service\":\"ecs-tasks.amazonaws.com\"}}],\"Version\":\"2012-10-17\"}",
            "create_date": "2025-11-05T15:24:15Z",
            "description": "",
            "force_detach_policies": false,
            "id": "hello-world-app-ecs-task-execution-role",
            "inline_policy": [],
            "managed_policy_arns": [],
            "max_session_duration": 3600,
            "name": "hello-world-app-ecs-task-execution-role",
            "name_prefix": "",
            "path": "/",
            "permissions_boundary": "",
            "tags": null,
            "tags_all": {},
            "unique_id": "AROAR7OXDENAXPSFR2TRZ"
          },
          "sensitive_attributes": [],
          "identity_schema_version": 0,
          "identity": {
            "account_id": "136279434049",
            "name": "hello-world-app-ecs-task-execution-role"
          },
          "private": "bnVsbA==",
          "dependencies": [
            "data.aws_iam_policy_document.ecs_task_execution_role"
          ]
        }
      ]
    },
    {
      "mode": "managed",
      "type": "aws_iam_role_policy",
      "name": "codebuild_additional",
      "provider": "provider[\"registry.terraform.io/hashicorp/aws\"]",
      "instances": [
        {
          "schema_version": 0,
          "attributes": {
            "id": "hello-world-app-codebuild-role:hello-world-app-codebuild-additional",
            "name": "hello-world-app-codebuild-additional",
            "name_prefix": "",
            "policy": "{\"Version\":\"2012-10-17\",\"Statement\":[{\"Action\":[\"ecr:GetAuthorizationToken\",\"ecr:BatchCheckLayerAvailability\",\"ecr:GetDownloadUrlForLayer\",\"ecr:GetRepositoryPolicy\",\"ecr:DescribeRepositories\",\"ecr:ListImages\",\"ecr:DescribeImages\",\"ecr:BatchGetImage\",\"ecr:InitiateLayerUpload\",\"ecr:UploadLayerPart\",\"ecr:CompleteLayerUpload\",\"ecr:PutImage\"],\"Effect\":\"Allow\",\"Resource\":\"*\"},{\"Action\":[\"logs:CreateLogGroup\",\"logs:CreateLogStream\",\"logs:PutLogEvents\"],\"Effect\":\"Allow\",\"Resource\":[\"arn:aws:logs:us-west-2:136279434049:log-group:/aws/codebuild/hello-world-app-build\",\"arn:aws:logs:us-west-2:136279434049:log-group:/aws/codebuild/hello-world-app-build:*\"]}]}",
            "role": "hello-world-app-codebuild-role"
          },
          "sensitive_attributes": [],
          "identity_schema_version": 0,
          "identity": {
            "account_id": "136279434049",
            "name": "hello-world-app-codebuild-additional",
            "role": "hello-world-app-codebuild-role"
          },
          "private": "bnVsbA==",
          "dependencies": [
            "aws_iam_role.codebuild_role",
            "data.aws_caller_identity.current"
          ]
        }
      ]
    },
    {
      "mode": "managed",
      "type": "aws_iam_role_policy",
      "name": "codebuild_s3",
      "provider": "provider[\"registry.terraform.io/hashicorp/aws\"]",
      "instances": [
        {
          "schema_version": 0,
          "attributes": {
            "id": "hello-world-app-codebuild-role:hello-world-app-codebuild-s3",
            "name": "hello-world-app-codebuild-s3",
            "name_prefix": "",
            "policy": "{\"Version\":\"2012-10-17\",\"Statement\":[{\"Action\":[\"s3:GetObject\",\"s3:GetObjectVersion\",\"s3:GetBucketVersioning\",\"s3:PutObject\"],\"Effect\":\"Allow\",\"Resource\":[\"arn:aws:s3:::hello-world-app-codepipeline-artifacts-136279434049\",\"arn:aws:s3:::hello-world-app-codepipeline-artifacts-136279434049/*\"]}]}",
            "role": "hello-world-app-codebuild-role"
          },
          "sensitive_attributes": [],
          "identity_schema_version": 0,
          "identity": {
            "account_id": "136279434049",
            "name": "hello-world-app-codebuild-s3",
            "role": "hello-world-app-codebuild-role"
          },
          "private": "bnVsbA==",
          "dependencies": [
            "aws_iam_role.codebuild_role",
            "aws_s3_bucket.codepipeline_artifacts",
            "data.aws_caller_identity.current"
          ]
        }
      ]
    },
    {
      "mode": "managed",
      "type": "aws_iam_role_policy",
      "name": "codebuild_vpc_access",
      "provider": "provider[\"registry.terraform.io/hashicorp/aws\"]",
      "instances": [
        {
          "schema_version": 0,
          "attributes": {
            "id": "hello-world-app-codebuild-role:hello-world-app-codebuild-vpc-access",
            "name": "hello-world-app-codebuild-vpc-access",
            "name_prefix": "",
            "policy": "{\"Version\":\"2012-10-17\",\"Statement\":[{\"Action\":[\"ec2:CreateNetworkInterface\",\"ec2:DescribeNetworkInterfaces\",\"ec2:DeleteNetworkInterface\",\"ec2:DescribeSubnets\",\"ec2:DescribeSecurityGroups\",\"ec2:DescribeVpcs\",\"ec2:DescribeDhcpOptions\",\"ec2:CreateNetworkInterfacePermission\"],\"Effect\":\"Allow\",\"Resource\":\"*\"}]}",
            "role": "hello-world-app-codebuild-role"
          },
          "sensitive_attributes": [],
          "identity_schema_version": 0,
          "identity": {
            "account_id": "136279434049",
            "name": "hello-world-app-codebuild-vpc-access",
            "role": "hello-world-app-codebuild-role"
          },
          "private": "bnVsbA==",
          "dependencies": [
            "aws_iam_role.codebuild_role"
          ]
        }
      ]
    },
    {
      "mode": "managed",
      "type": "aws_iam_role_policy",
      "name": "codepipeline_policy",
      "provider": "provider[\"registry.terraform.io/hashicorp/aws\"]",
      "instances": [
        {
          "schema_version": 0,
          "attributes": {
            "id": "hello-world-app-codepipeline-role:hello-world-app-codepipeline-policy",
            "name": "hello-world-app-codepipeline-policy",
            "name_prefix": "",
            "policy": "{\"Version\":\"2012-10-17\",\"Statement\":[{\"Action\":[\"codestar-connections:UseConnection\"],\"Effect\":\"Allow\",\"Resource\":[\"arn:aws:codestar-connections:us-west-2:136279434049:connection/bce23acd-20cf-4659-a6a1-60fe63d3dea3\"]},{\"Action\":[\"s3:GetObject\",\"s3:GetObjectVersion\",\"s3:PutObject\",\"s3:PutObjectAcl\",\"s3:GetBucketVersioning\"],\"Effect\":\"Allow\",\"Resource\":[\"arn:aws:s3:::hello-world-app-codepipeline-artifacts-136279434049\",\"arn:aws:s3:::hello-world-app-codepipeline-artifacts-136279434049/*\"]},{\"Action\":[\"codebuild:BatchGetBuilds\",\"codebuild:StartBuild\",\"codebuild:BatchGetBuildBatches\",\"codebuild:StartBuildBatch\"],\"Effect\":\"Allow\",\"Resource\":\"arn:aws:codebuild:us-west-2:136279434049:project/hello-world-app-build\"},{\"Action\":[\"ecr:DescribeImages\"],\"Effect\":\"Allow\",\"Resource\":\"arn:aws:ecr:us-west-2:136279434049:repository/hello-world-app\"},{\"Action\":[\"ecs:DescribeServices\",\"ecs:DescribeTaskDefinition\",\"ecs:RegisterTaskDefinition\",\"ecs:UpdateService\",\"ecs:DescribeClusters\"],\"Effect\":\"Allow\",\"Resource\":\"*\"},{\"Action\":\"iam:PassRole\",\"Condition\":{\"StringLike\":{\"iam:PassedToService\":\"ecs-tasks.amazonaws.com\"}},\"Effect\":\"Allow\",\"Resource\":[\"arn:aws:iam::136279434049:role/hello-world-app-ecs-task-execution-role\"]}]}",
            "role": "hello-world-app-codepipeline-role"
          },
          "sensitive_attributes": [],
          "identity_schema_version": 0,
          "identity": {
            "account_id": "136279434049",
            "name": "hello-world-app-codepipeline-policy",
            "role": "hello-world-app-codepipeline-role"
          },
          "private": "bnVsbA==",
          "dependencies": [
            "aws_cloudwatch_log_group.codebuild",
            "aws_codebuild_project.main",
            "aws_ecr_repository.main",
            "aws_iam_role.codebuild_role",
            "aws_iam_role.codepipeline_role",
            "aws_iam_role.ecs_task_execution_role",
            "aws_s3_bucket.codepipeline_artifacts",
            "aws_security_group.codebuild_sg",
            "data.aws_caller_identity.current",
            "data.aws_iam_policy_document.ecs_task_execution_role"
          ]
        }
      ]
    },
    {
      "mode": "managed",
      "type": "aws_iam_role_policy_attachment",
      "name": "codebuild_cloudwatch",
      "provider": "provider[\"registry.terraform.io/hashicorp/aws\"]",
      "instances": [
        {
          "schema_version": 0,
          "attributes": {
            "id": "hello-world-app-codebuild-role/arn:aws:iam::aws:policy/CloudWatchLogsFullAccess",
            "policy_arn": "arn:aws:iam::aws:policy/CloudWatchLogsFullAccess",
            "role": "hello-world-app-codebuild-role"
          },
          "sensitive_attributes": [],
          "identity_schema_version": 0,
          "identity": {
            "account_id": "136279434049",
            "policy_arn": "arn:aws:iam::aws:policy/CloudWatchLogsFullAccess",
            "role": "hello-world-app-codebuild-role"
          },
          "private": "bnVsbA==",
          "dependencies": [
            "aws_iam_role.codebuild_role"
          ]
        }
      ]
    },
    {
      "mode": "managed",
      "type": "aws_iam_role_policy_attachment",
      "name": "codebuild_ecr",
      "provider": "provider[\"registry.terraform.io/hashicorp/aws\"]",
      "instances": [
        {
          "schema_version": 0,
          "attributes": {
            "id": "hello-world-app-codebuild-role/arn:aws:iam::aws:policy/AmazonEC2ContainerRegistryPowerUser",
            "policy_arn": "arn:aws:iam::aws:policy/AmazonEC2ContainerRegistryPowerUser",
            "role": "hello-world-app-codebuild-role"
          },
          "sensitive_attributes": [],
          "identity_schema_version": 0,
          "identity": {
            "account_id": "136279434049",
            "policy_arn": "arn:aws:iam::aws:policy/AmazonEC2ContainerRegistryPowerUser",
            "role": "hello-world-app-codebuild-role"
          },
          "private": "bnVsbA==",
          "dependencies": [
            "aws_iam_role.codebuild_role"
          ]
        }
      ]
    },
    {
      "mode": "managed",
      "type": "aws_iam_role_policy_attachment",
      "name": "ecs_full_access",
      "provider": "provider[\"registry.terraform.io/hashicorp/aws\"]",
      "instances": [
        {
          "schema_version": 0,
          "attributes": {
            "id": "hello-world-app-codepipeline-role/arn:aws:iam::aws:policy/AmazonECS_FullAccess",
            "policy_arn": "arn:aws:iam::aws:policy/AmazonECS_FullAccess",
            "role": "hello-world-app-codepipeline-role"
          },
          "sensitive_attributes": [],
          "identity_schema_version": 0,
          "identity": {
            "account_id": "136279434049",
            "policy_arn": "arn:aws:iam::aws:policy/AmazonECS_FullAccess",
            "role": "hello-world-app-codepipeline-role"
          },
          "private": "bnVsbA==",
          "dependencies": [
            "aws_iam_role.codepipeline_role"
          ]
        }
      ]
    },
    {
      "mode": "managed",
      "type": "aws_iam_role_policy_attachment",
      "name": "ecs_task_execution_role",
      "provider": "provider[\"registry.terraform.io/hashicorp/aws\"]",
      "instances": [
        {
          "schema_version": 0,
          "attributes": {
            "id": "hello-world-app-ecs-task-execution-role/arn:aws:iam::aws:policy/service-role/AmazonECSTaskExecutionRolePolicy",
            "policy_arn": "arn:aws:iam::aws:policy/service-role/AmazonECSTaskExecutionRolePolicy",
            "role": "hello-world-app-ecs-task-execution-role"
          },
          "sensitive_attributes": [],
          "identity_schema_version": 0,
          "identity": {
            "account_id": "136279434049",
            "policy_arn": "arn:aws:iam::aws:policy/service-role/AmazonECSTaskExecutionRolePolicy",
            "role": "hello-world-app-ecs-task-execution-role"
          },
          "private": "bnVsbA==",
          "dependencies": [
            "aws_iam_role.ecs_task_execution_role",
            "data.aws_iam_policy_document.ecs_task_execution_role"
          ]
        }
      ]
    },
    {
      "mode": "managed",
      "type": "aws_lb",
      "name": "main",
      "provider": "provider[\"registry.terraform.io/hashicorp/aws\"]",
      "instances": [
        {
          "schema_version": 0,
          "attributes": {
            "access_logs": [
              {
                "bucket": "",
                "enabled": false,
                "prefix": ""
              }
            ],
            "arn": "arn:aws:elasticloadbalancing:us-west-2:136279434049:loadbalancer/app/hello-world-app-alb/485cf8072f0b5671",
            "arn_suffix": "app/hello-world-app-alb/485cf8072f0b5671",
            "client_keep_alive": 3600,
            "connection_logs": [
              {
                "bucket": "",
                "enabled": false,
                "prefix": ""
              }
            ],
            "customer_owned_ipv4_pool": "",
            "desync_mitigation_mode": "defensive",
            "dns_name": "hello-world-app-alb-487699906.us-west-2.elb.amazonaws.com",
            "dns_record_client_routing_policy": null,
            "drop_invalid_header_fields": false,
            "enable_cross_zone_load_balancing": true,
            "enable_deletion_protection": false,
            "enable_http2": true,
            "enable_tls_version_and_cipher_suite_headers": false,
            "enable_waf_fail_open": false,
            "enable_xff_client_port": false,
            "enable_zonal_shift": false,
            "enforce_security_group_inbound_rules_on_private_link_traffic": "",
            "id": "arn:aws:elasticloadbalancing:us-west-2:136279434049:loadbalancer/app/hello-world-app-alb/485cf8072f0b5671",
            "idle_timeout": 60,
            "internal": false,
            "ip_address_type": "ipv4",
            "ipam_pools": [],
            "load_balancer_type": "application",
            "minimum_load_balancer_capacity": [],
            "name": "hello-world-app-alb",
            "name_prefix": "",
            "preserve_host_header": false,
            "region": "us-west-2",
            "secondary_ips_auto_assigned_per_subnet": null,
            "security_groups": [
              "sg-0a808b9f5e93971b4"
            ],
            "subnet_mapping": [
              {
                "allocation_id": "",
                "ipv6_address": "",
                "outpost_id": "",
                "private_ipv4_address": "",
                "subnet_id": "subnet-020772b505a06f11e"
              },
              {
                "allocation_id": "",
                "ipv6_address": "",
                "outpost_id": "",
                "private_ipv4_address": "",
                "subnet_id": "subnet-0ad2a482ea544e2eb"
              }
            ],
            "subnets": [
              "subnet-020772b505a06f11e",
              "subnet-0ad2a482ea544e2eb"
            ],
            "tags": {
              "Name": "hello-world-app-alb"
            },
            "tags_all": {
              "Name": "hello-world-app-alb"
            },
            "timeouts": null,
            "vpc_id": "vpc-0f3391e84c4f0ce79",
            "xff_header_processing_mode": "append",
            "zone_id": "Z1H1FL5HABSF5"
          },
          "sensitive_attributes": [],
          "identity_schema_version": 0,
          "identity": {
            "arn": "arn:aws:elasticloadbalancing:us-west-2:136279434049:loadbalancer/app/hello-world-app-alb/485cf8072f0b5671"
          },
          "private": "eyJlMmJmYjczMC1lY2FhLTExZTYtOGY4OC0zNDM2M2JjN2M0YzAiOnsiY3JlYXRlIjo2MDAwMDAwMDAwMDAsImRlbGV0ZSI6NjAwMDAwMDAwMDAwLCJ1cGRhdGUiOjYwMDAwMDAwMDAwMH19",
          "dependencies": [
            "aws_security_group.alb"
          ]
        }
      ]
    },
    {
      "mode": "managed",
      "type": "aws_lb_listener",
      "name": "http_forward",
      "provider": "provider[\"registry.terraform.io/hashicorp/aws\"]",
      "instances": [
        {
          "schema_version": 0,
          "attributes": {
            "alpn_policy": null,
            "arn": "arn:aws:elasticloadbalancing:us-west-2:136279434049:listener/app/hello-world-app-alb/485cf8072f0b5671/ec15cea5ab236f37",
            "certificate_arn": null,
            "default_action": [
              {
                "authenticate_cognito": [],
                "authenticate_oidc": [],
                "fixed_response": [],
                "forward": [],
                "order": 1,
                "redirect": [],
                "target_group_arn": "arn:aws:elasticloadbalancing:us-west-2:136279434049:targetgroup/hello-world-app-tg/a97e4de21151b1c3",
                "type": "forward"
              }
            ],
            "id": "arn:aws:elasticloadbalancing:us-west-2:136279434049:listener/app/hello-world-app-alb/485cf8072f0b5671/ec15cea5ab236f37",
            "load_balancer_arn": "arn:aws:elasticloadbalancing:us-west-2:136279434049:loadbalancer/app/hello-world-app-alb/485cf8072f0b5671",
            "mutual_authentication": [],
            "port": 80,
            "protocol": "HTTP",
            "region": "us-west-2",
            "routing_http_request_x_amzn_mtls_clientcert_header_name": null,
            "routing_http_request_x_amzn_mtls_clientcert_issuer_header_name": null,
            "routing_http_request_x_amzn_mtls_clientcert_leaf_header_name": null,
            "routing_http_request_x_amzn_mtls_clientcert_serial_number_header_name": null,
            "routing_http_request_x_amzn_mtls_clientcert_subject_header_name": null,
            "routing_http_request_x_amzn_mtls_clientcert_validity_header_name": null,
            "routing_http_request_x_amzn_tls_cipher_suite_header_name": null,
            "routing_http_request_x_amzn_tls_version_header_name": null,
            "routing_http_response_access_control_allow_credentials_header_value": "",
            "routing_http_response_access_control_allow_headers_header_value": "",
            "routing_http_response_access_control_allow_methods_header_value": "",
            "routing_http_response_access_control_allow_origin_header_value": "",
            "routing_http_response_access_control_expose_headers_header_value": "",
            "routing_http_response_access_control_max_age_header_value": "",
            "routing_http_response_content_security_policy_header_value": "",
            "routing_http_response_server_enabled": true,
            "routing_http_response_strict_transport_security_header_value": "",
            "routing_http_response_x_content_type_options_header_value": "",
            "routing_http_response_x_frame_options_header_value": "",
            "ssl_policy": "",
            "tags": null,
            "tags_all": {},
            "tcp_idle_timeout_seconds": null,
            "timeouts": null
          },
          "sensitive_attributes": [],
          "identity_schema_version": 0,
          "identity": {
            "arn": "arn:aws:elasticloadbalancing:us-west-2:136279434049:listener/app/hello-world-app-alb/485cf8072f0b5671/ec15cea5ab236f37"
          },
          "private": "eyJlMmJmYjczMC1lY2FhLTExZTYtOGY4OC0zNDM2M2JjN2M0YzAiOnsiY3JlYXRlIjozMDAwMDAwMDAwMDAsInVwZGF0ZSI6MzAwMDAwMDAwMDAwfX0=",
          "dependencies": [
            "aws_lb.main",
            "aws_lb_target_group.main",
            "aws_security_group.alb"
          ]
        }
      ]
    },
    {
      "mode": "managed",
      "type": "aws_lb_target_group",
      "name": "main",
      "provider": "provider[\"registry.terraform.io/hashicorp/aws\"]",
      "instances": [
        {
          "schema_version": 0,
          "attributes": {
            "arn": "arn:aws:elasticloadbalancing:us-west-2:136279434049:targetgroup/hello-world-app-tg/a97e4de21151b1c3",
            "arn_suffix": "targetgroup/hello-world-app-tg/a97e4de21151b1c3",
            "connection_termination": null,
            "deregistration_delay": "300",
            "health_check": [
              {
                "enabled": true,
                "healthy_threshold": 2,
                "interval": 30,
                "matcher": "200",
                "path": "/",
                "port": "traffic-port",
                "protocol": "HTTP",
                "timeout": 3,
                "unhealthy_threshold": 2
              }
            ],
            "id": "arn:aws:elasticloadbalancing:us-west-2:136279434049:targetgroup/hello-world-app-tg/a97e4de21151b1c3",
            "ip_address_type": "ipv4",
            "lambda_multi_value_headers_enabled": false,
            "load_balancer_arns": [],
            "load_balancing_algorithm_type": "round_robin",
            "load_balancing_anomaly_mitigation": "off",
            "load_balancing_cross_zone_enabled": "use_load_balancer_configuration",
            "name": "hello-world-app-tg",
            "name_prefix": "",
            "port": 80,
            "preserve_client_ip": null,
            "protocol": "HTTP",
            "protocol_version": "HTTP1",
            "proxy_protocol_v2": false,
            "region": "us-west-2",
            "slow_start": 0,
            "stickiness": [
              {
                "cookie_duration": 86400,
                "cookie_name": "",
                "enabled": false,
                "type": "lb_cookie"
              }
            ],
            "tags": {
              "Name": "hello-world-app-tg"
            },
            "tags_all": {
              "Name": "hello-world-app-tg"
            },
            "target_failover": [
              {
                "on_deregistration": null,
                "on_unhealthy": null
              }
            ],
            "target_group_health": [
              {
                "dns_failover": [
                  {
                    "minimum_healthy_targets_count": "1",
                    "minimum_healthy_targets_percentage": "off"
                  }
                ],
                "unhealthy_state_routing": [
                  {
                    "minimum_healthy_targets_count": 1,
                    "minimum_healthy_targets_percentage": "off"
                  }
                ]
              }
            ],
            "target_health_state": [
              {
                "enable_unhealthy_connection_termination": null,
                "unhealthy_draining_interval": null
              }
            ],
            "target_type": "ip",
            "vpc_id": "vpc-0f3391e84c4f0ce79"
          },
          "sensitive_attributes": [],
          "identity_schema_version": 0,
          "identity": {
            "arn": "arn:aws:elasticloadbalancing:us-west-2:136279434049:targetgroup/hello-world-app-tg/a97e4de21151b1c3"
          },
          "private": "bnVsbA=="
        }
      ]
    },
    {
      "mode": "managed",
      "type": "aws_s3_bucket",
      "name": "codepipeline_artifacts",
      "provider": "provider[\"registry.terraform.io/hashicorp/aws\"]",
      "instances": [
        {
          "schema_version": 0,
          "attributes": {
            "acceleration_status": "",
            "acl": null,
            "arn": "arn:aws:s3:::hello-world-app-codepipeline-artifacts-136279434049",
            "bucket": "hello-world-app-codepipeline-artifacts-136279434049",
            "bucket_domain_name": "hello-world-app-codepipeline-artifacts-136279434049.s3.amazonaws.com",
            "bucket_prefix": "",
            "bucket_region": "us-west-2",
            "bucket_regional_domain_name": "hello-world-app-codepipeline-artifacts-136279434049.s3.us-west-2.amazonaws.com",
            "cors_rule": [],
            "force_destroy": false,
            "grant": [
              {
                "id": "9b723a0f8d4d0decc8b87edf77e82777eacfc5973ae71f408cafe51d23f5ab27",
                "permissions": [
                  "FULL_CONTROL"
                ],
                "type": "CanonicalUser",
                "uri": ""
              }
            ],
            "hosted_zone_id": "Z3BJ6K6RIION7M",
            "id": "hello-world-app-codepipeline-artifacts-136279434049",
            "lifecycle_rule": [],
            "logging": [],
            "object_lock_configuration": [],
            "object_lock_enabled": false,
            "policy": "",
            "region": "us-west-2",
            "replication_configuration": [],
            "request_payer": "BucketOwner",
            "server_side_encryption_configuration": [
              {
                "rule": [
                  {
                    "apply_server_side_encryption_by_default": [
                      {
                        "kms_master_key_id": "",
                        "sse_algorithm": "AES256"
                      }
                    ],
                    "bucket_key_enabled": false
                  }
                ]
              }
            ],
            "tags": {
              "Environment": "dev",
              "Name": "hello-world-app-codepipeline-artifacts"
            },
            "tags_all": {
              "Environment": "dev",
              "Name": "hello-world-app-codepipeline-artifacts"
            },
            "timeouts": null,
            "versioning": [
              {
                "enabled": false,
                "mfa_delete": false
              }
            ],
            "website": [],
            "website_domain": null,
            "website_endpoint": null
          },
          "sensitive_attributes": [],
          "identity_schema_version": 0,
          "identity": {
            "account_id": "136279434049",
            "bucket": "hello-world-app-codepipeline-artifacts-136279434049",
            "region": "us-west-2"
          },
          "private": "eyJlMmJmYjczMC1lY2FhLTExZTYtOGY4OC0zNDM2M2JjN2M0YzAiOnsiY3JlYXRlIjoxMjAwMDAwMDAwMDAwLCJkZWxldGUiOjM2MDAwMDAwMDAwMDAsInJlYWQiOjEyMDAwMDAwMDAwMDAsInVwZGF0ZSI6MTIwMDAwMDAwMDAwMH19",
          "dependencies": [
            "data.aws_caller_identity.current"
          ]
        }
      ]
    },
    {
      "mode": "managed",
      "type": "aws_s3_bucket_public_access_block",
      "name": "public_access",
      "provider": "provider[\"registry.terraform.io/hashicorp/aws\"]",
      "instances": [
        {
          "schema_version": 0,
          "attributes": {
            "block_public_acls": true,
            "block_public_policy": true,
            "bucket": "hello-world-app-codepipeline-artifacts-136279434049",
            "id": "hello-world-app-codepipeline-artifacts-136279434049",
            "ignore_public_acls": true,
            "region": "us-west-2",
            "restrict_public_buckets": true,
            "skip_destroy": null
          },
          "sensitive_attributes": [],
          "identity_schema_version": 0,
          "identity": {
            "account_id": "136279434049",
            "bucket": "hello-world-app-codepipeline-artifacts-136279434049",
            "region": "us-west-2"
          },
          "private": "bnVsbA==",
          "dependencies": [
            "aws_s3_bucket.codepipeline_artifacts",
            "data.aws_caller_identity.current"
          ]
        }
      ]
    },
    {
      "mode": "managed",
      "type": "aws_s3_bucket_server_side_encryption_configuration",
      "name": "encryption",
      "provider": "provider[\"registry.terraform.io/hashicorp/aws\"]",
      "instances": [
        {
          "schema_version": 0,
          "attributes": {
            "bucket": "hello-world-app-codepipeline-artifacts-136279434049",
            "expected_bucket_owner": "",
            "id": "hello-world-app-codepipeline-artifacts-136279434049",
            "region": "us-west-2",
            "rule": [
              {
                "apply_server_side_encryption_by_default": [
                  {
                    "kms_master_key_id": "",
                    "sse_algorithm": "AES256"
                  }
                ],
                "bucket_key_enabled": null
              }
            ]
          },
          "sensitive_attributes": [],
          "identity_schema_version": 0,
          "identity": {
            "account_id": "136279434049",
            "bucket": "hello-world-app-codepipeline-artifacts-136279434049",
            "expected_bucket_owner": null,
            "region": "us-west-2"
          },
          "private": "bnVsbA==",
          "dependencies": [
            "aws_s3_bucket.codepipeline_artifacts",
            "data.aws_caller_identity.current"
          ]
        }
      ]
    },
    {
      "mode": "managed",
      "type": "aws_s3_bucket_versioning",
      "name": "versioning",
      "provider": "provider[\"registry.terraform.io/hashicorp/aws\"]",
      "instances": [
        {
          "schema_version": 0,
          "attributes": {
            "bucket": "hello-world-app-codepipeline-artifacts-136279434049",
            "expected_bucket_owner": "",
            "id": "hello-world-app-codepipeline-artifacts-136279434049",
            "mfa": null,
            "region": "us-west-2",
            "versioning_configuration": [
              {
                "mfa_delete": "",
                "status": "Enabled"
              }
            ]
          },
          "sensitive_attributes": [],
          "identity_schema_version": 0,
          "identity": {
            "account_id": "136279434049",
            "bucket": "hello-world-app-codepipeline-artifacts-136279434049",
            "expected_bucket_owner": null,
            "region": "us-west-2"
          },
          "private": "bnVsbA==",
          "dependencies": [
            "aws_s3_bucket.codepipeline_artifacts",
            "data.aws_caller_identity.current"
          ]
        }
      ]
    },
    {
      "mode": "managed",
      "type": "aws_security_group",
      "name": "alb",
      "provider": "provider[\"registry.terraform.io/hashicorp/aws\"]",
      "instances": [
        {
          "schema_version": 1,
          "attributes": {
            "arn": "arn:aws:ec2:us-west-2:136279434049:security-group/sg-0a808b9f5e93971b4",
            "description": "Security group for ALB",
            "egress": [
              {
                "cidr_blocks": [
                  "0.0.0.0/0"
                ],
                "description": "",
                "from_port": 0,
                "ipv6_cidr_blocks": [],
                "prefix_list_ids": [],
                "protocol": "-1",
                "security_groups": [],
                "self": false,
                "to_port": 0
              }
            ],
            "id": "sg-0a808b9f5e93971b4",
            "ingress": [
              {
                "cidr_blocks": [
                  "0.0.0.0/0"
                ],
                "description": "",
                "from_port": 443,
                "ipv6_cidr_blocks": [],
                "prefix_list_ids": [],
                "protocol": "tcp",
                "security_groups": [],
                "self": false,
                "to_port": 443
              },
              {
                "cidr_blocks": [
                  "0.0.0.0/0"
                ],
                "description": "",
                "from_port": 80,
                "ipv6_cidr_blocks": [],
                "prefix_list_ids": [],
                "protocol": "tcp",
                "security_groups": [],
                "self": false,
                "to_port": 80
              }
            ],
            "name": "hello-world-app-alb-sg",
            "name_prefix": "",
            "owner_id": "136279434049",
            "region": "us-west-2",
            "revoke_rules_on_delete": false,
            "tags": {
              "Name": "hello-world-app-alb-sg"
            },
            "tags_all": {
              "Name": "hello-world-app-alb-sg"
            },
            "timeouts": null,
            "vpc_id": "vpc-0f3391e84c4f0ce79"
          },
          "sensitive_attributes": [],
          "identity_schema_version": 0,
          "identity": {
            "account_id": "136279434049",
            "id": "sg-0a808b9f5e93971b4",
            "region": "us-west-2"
          },
          "private": "eyJlMmJmYjczMC1lY2FhLTExZTYtOGY4OC0zNDM2M2JjN2M0YzAiOnsiY3JlYXRlIjo2MDAwMDAwMDAwMDAsImRlbGV0ZSI6OTAwMDAwMDAwMDAwfSwic2NoZW1hX3ZlcnNpb24iOiIxIn0="
        }
      ]
    },
    {
      "mode": "managed",
      "type": "aws_security_group",
      "name": "codebuild_sg",
      "provider": "provider[\"registry.terraform.io/hashicorp/aws\"]",
      "instances": [
        {
          "schema_version": 1,
          "attributes": {
            "arn": "arn:aws:ec2:us-west-2:136279434049:security-group/sg-02e7a8a802b01c069",
            "description": "Security group for CodeBuild project",
            "egress": [
              {
                "cidr_blocks": [
                  "0.0.0.0/0"
                ],
                "description": "",
                "from_port": 0,
                "ipv6_cidr_blocks": [],
                "prefix_list_ids": [],
                "protocol": "-1",
                "security_groups": [],
                "self": false,
                "to_port": 0
              }
            ],
            "id": "sg-02e7a8a802b01c069",
            "ingress": [],
            "name": "hello-world-app-codebuild-sg",
            "name_prefix": "",
            "owner_id": "136279434049",
            "region": "us-west-2",
            "revoke_rules_on_delete": false,
            "tags": {
              "Name": "hello-world-app-codebuild-sg"
            },
            "tags_all": {
              "Name": "hello-world-app-codebuild-sg"
            },
            "timeouts": null,
            "vpc_id": "vpc-0f3391e84c4f0ce79"
          },
          "sensitive_attributes": [],
          "identity_schema_version": 0,
          "identity": {
            "account_id": "136279434049",
            "id": "sg-02e7a8a802b01c069",
            "region": "us-west-2"
          },
          "private": "eyJlMmJmYjczMC1lY2FhLTExZTYtOGY4OC0zNDM2M2JjN2M0YzAiOnsiY3JlYXRlIjo2MDAwMDAwMDAwMDAsImRlbGV0ZSI6OTAwMDAwMDAwMDAwfSwic2NoZW1hX3ZlcnNpb24iOiIxIn0="
        }
      ]
    },
    {
      "mode": "managed",
      "type": "aws_security_group",
      "name": "ecs",
      "provider": "provider[\"registry.terraform.io/hashicorp/aws\"]",
      "instances": [
        {
          "schema_version": 1,
          "attributes": {
            "arn": "arn:aws:ec2:us-west-2:136279434049:security-group/sg-00296a55b0b623778",
            "description": "Security group for ECS tasks",
            "egress": [
              {
                "cidr_blocks": [
                  "0.0.0.0/0"
                ],
                "description": "",
                "from_port": 0,
                "ipv6_cidr_blocks": [],
                "prefix_list_ids": [],
                "protocol": "-1",
                "security_groups": [],
                "self": false,
                "to_port": 0
              }
            ],
            "id": "sg-00296a55b0b623778",
            "ingress": [
              {
                "cidr_blocks": [],
                "description": "",
                "from_port": 80,
                "ipv6_cidr_blocks": [],
                "prefix_list_ids": [],
                "protocol": "tcp",
                "security_groups": [
                  "sg-0a808b9f5e93971b4"
                ],
                "self": false,
                "to_port": 80
              }
            ],
            "name": "hello-world-app-ecs-sg",
            "name_prefix": "",
            "owner_id": "136279434049",
            "region": "us-west-2",
            "revoke_rules_on_delete": false,
            "tags": {
              "Name": "hello-world-app-ecs-sg"
            },
            "tags_all": {
              "Name": "hello-world-app-ecs-sg"
            },
            "timeouts": null,
            "vpc_id": "vpc-0f3391e84c4f0ce79"
          },
          "sensitive_attributes": [],
          "identity_schema_version": 0,
          "identity": {
            "account_id": "136279434049",
            "id": "sg-00296a55b0b623778",
            "region": "us-west-2"
          },
          "private": "eyJlMmJmYjczMC1lY2FhLTExZTYtOGY4OC0zNDM2M2JjN2M0YzAiOnsiY3JlYXRlIjo2MDAwMDAwMDAwMDAsImRlbGV0ZSI6OTAwMDAwMDAwMDAwfSwic2NoZW1hX3ZlcnNpb24iOiIxIn0=",
          "dependencies": [
            "aws_security_group.alb"
          ]
        }
      ]
    }
  ],
  "check_results": [
    {
      "object_kind": "var",
      "config_addr": "var.service_connect_namespace_type",
      "status": "pass",
      "objects": [
        {
          "object_addr": "var.service_connect_namespace_type",
          "status": "pass"
        }
      ]
    },
    {
      "object_kind": "var",
      "config_addr": "var.ecs_exec_logging",
      "status": "pass",
      "objects": [
        {
          "object_addr": "var.ecs_exec_logging",
          "status": "pass"
        }
      ]
    }
  ]
}
